<?xml version="1.0" encoding="utf-8"?>
<Project ToolsVersion="4.0" xmlns="http://schemas.microsoft.com/developer/msbuild/2003">
  <ItemGroup>
    <Filter Include="Schlutzkrapfen">
      <UniqueIdentifier>{79A72890-6575-1C96-4E09-8DBC3A76F8FA}</UniqueIdentifier>
    </Filter>
  </ItemGroup>
  <ItemGroup>
    <ClInclude Include="src\Schlutzkrapfen.h" />
    <ClInclude Include="src\Schlutzkrapfen\Application.h">
      <Filter>Schlutzkrapfen</Filter>
    </ClInclude>
    <ClInclude Include="src\Schlutzkrapfen\Core.h">
      <Filter>Schlutzkrapfen</Filter>
    </ClInclude>
    <ClInclude Include="src\Schlutzkrapfen\EntryPoint.h">
      <Filter>Schlutzkrapfen</Filter>
    </ClInclude>
    <ClInclude Include="src\Schlutzkrapfen\Log.h">
      <Filter>Schlutzkrapfen</Filter>
    </ClInclude>
  </ItemGroup>
  <ItemGroup>
    <ClCompile Include="src\Schlutzkrapfen\Application.cpp">
      <Filter>Schlutzkrapfen</Filter>
    </ClCompile>
    <ClCompile Include="src\Schlutzkrapfen\Log.cpp">
      <Filter>Schlutzkrapfen</Filter>
    </ClCompile>
  </ItemGroup>
</Project>